
Microsoft Visual Studio Solution File, Format Version 12.00
# Visual Studio Version 17
VisualStudioVersion = 17.14.36603.0 d17.14
MinimumVisualStudioVersion = 10.0.40219.1
Project("{FAE04EC0-301F-11D3-BF4B-00C04F79EFBC}") = "Pole", "Pole\Pole.csproj", "{3EC2130B-2EF7-4EE6-B10C-2AD36CF97485}"
EndProject
Global
	GlobalSection(SolutionConfigurationPlatforms) = preSolution
		Debug|Any CPU = Debug|Any CPU
		Release|Any CPU = Release|Any CPU
	EndGlobalSection
	GlobalSection(ProjectConfigurationPlatforms) = postSolution
		{3EC2130B-2EF7-4EE6-B10C-2AD36CF97485}.Debug|Any CPU.ActiveCfg = Debug|Any CPU
		{3EC2130B-2EF7-4EE6-B10C-2AD36CF97485}.Debug|Any CPU.Build.0 = Debug|Any CPU
		{3EC2130B-2EF7-4EE6-B10C-2AD36CF97485}.Release|Any CPU.ActiveCfg = Release|Any CPU
		{3EC2130B-2EF7-4EE6-B10C-2AD36CF97485}.Release|Any CPU.Build.0 = Release|Any CPU
	EndGlobalSection
	GlobalSection(SolutionProperties) = preSolution
		HideSolutionNode = FALSE
	EndGlobalSection
	GlobalSection(ExtensibilityGlobals) = postSolution
		SolutionGuid = {B2E883F5-6A6E-407F-ACB1-95299CB994CD}
	EndGlobalSection
EndGlobal
